<?xml version="1.0" encoding="utf-8"?>
<Project ToolsVersion="4.0" xmlns="http://schemas.microsoft.com/developer/msbuild/2003">
  <ItemGroup>
    <Filter Include="Events">
      <UniqueIdentifier>{3A8963B1-262B-8E87-0FE6-A1DBFB2615D8}</UniqueIdentifier>
    </Filter>
    <Filter Include="Graphics">
      <UniqueIdentifier>{1653CE33-0220-293F-2B39-17E717655ECD}</UniqueIdentifier>
    </Filter>
    <Filter Include="ImGUI">
      <UniqueIdentifier>{80FB640D-EC0F-8DBE-B591-301E216589EF}</UniqueIdentifier>
    </Filter>
    <Filter Include="Window">
      <UniqueIdentifier>{3DEA79DA-298C-A4B0-1247-B804FE872B01}</UniqueIdentifier>
    </Filter>
  </ItemGroup>
  <ItemGroup>
    <ClInclude Include="BoundingBox.h" />
    <ClInclude Include="Camera.h" />
    <ClInclude Include="CoordinateLevel.h" />
    <ClInclude Include="CubeView.h" />
    <ClInclude Include="Cubelet.h" />
    <ClInclude Include="CubieLevel.h" />
    <ClInclude Include="Events\Event.h">
      <Filter>Events</Filter>
    </ClInclude>
    <ClInclude Include="Events\KeyEvents.h">
      <Filter>Events</Filter>
    </ClInclude>
    <ClInclude Include="Events\MouseEvents.h">
      <Filter>Events</Filter>
    </ClInclude>
    <ClInclude Include="Events\WindowEvents.h">
      <Filter>Events</Filter>
    </ClInclude>
    <ClInclude Include="FileSystem.h" />
    <ClInclude Include="Graphics\IndexBuffer.h">
      <Filter>Graphics</Filter>
    </ClInclude>
    <ClInclude Include="Graphics\Renderer.h">
      <Filter>Graphics</Filter>
    </ClInclude>
    <ClInclude Include="Graphics\Shader.h">
      <Filter>Graphics</Filter>
    </ClInclude>
    <ClInclude Include="Graphics\Vertex.h">
      <Filter>Graphics</Filter>
    </ClInclude>
    <ClInclude Include="Graphics\VertexArray.h">
      <Filter>Graphics</Filter>
    </ClInclude>
    <ClInclude Include="Graphics\VertexBuffer.h">
      <Filter>Graphics</Filter>
    </ClInclude>
    <ClInclude Include="Graphics\VertexBufferLayout.h">
      <Filter>Graphics</Filter>
    </ClInclude>
    <ClInclude Include="ImGUI\imconfig.h">
      <Filter>ImGUI</Filter>
    </ClInclude>
    <ClInclude Include="ImGUI\imgui.h">
      <Filter>ImGUI</Filter>
    </ClInclude>
    <ClInclude Include="ImGUI\imgui_impl_glfw_gl3.h">
      <Filter>ImGUI</Filter>
    </ClInclude>
    <ClInclude Include="ImGUI\imgui_internal.h">
      <Filter>ImGUI</Filter>
    </ClInclude>
    <ClInclude Include="ImGUI\stb_rect_pack.h">
      <Filter>ImGUI</Filter>
    </ClInclude>
    <ClInclude Include="ImGUI\stb_textedit.h">
      <Filter>ImGUI</Filter>
    </ClInclude>
    <ClInclude Include="ImGUI\stb_truetype.h">
      <Filter>ImGUI</Filter>
    </ClInclude>
    <ClInclude Include="Math.h" />
    <ClInclude Include="Preferences.h" />
    <ClInclude Include="Scrambler.h" />
    <ClInclude Include="Solver.h" />
    <ClInclude Include="Window\Window.h">
      <Filter>Window</Filter>
    </ClInclude>
  </ItemGroup>
  <ItemGroup>
    <ClCompile Include="BoundingBox.cpp" />
    <ClCompile Include="Camera.cpp" />
    <ClCompile Include="CoordinateLevel.cpp" />
    <ClCompile Include="CubeView.cpp" />
    <ClCompile Include="Cubelet.cpp" />
    <ClCompile Include="CubieLevel.cpp" />
    <ClCompile Include="Graphics\IndexBuffer.cpp">
      <Filter>Graphics</Filter>
    </ClCompile>
    <ClCompile Include="Graphics\Renderer.cpp">
      <Filter>Graphics</Filter>
    </ClCompile>
    <ClCompile Include="Graphics\Shader.cpp">
      <Filter>Graphics</Filter>
    </ClCompile>
    <ClCompile Include="Graphics\VertexArray.cpp">
      <Filter>Graphics</Filter>
    </ClCompile>
    <ClCompile Include="Graphics\VertexBuffer.cpp">
      <Filter>Graphics</Filter>
    </ClCompile>
    <ClCompile Include="Graphics\VertexBufferLayout.cpp">
      <Filter>Graphics</Filter>
    </ClCompile>
    <ClCompile Include="ImGUI\imgui.cpp">
      <Filter>ImGUI</Filter>
    </ClCompile>
    <ClCompile Include="ImGUI\imgui_draw.cpp">
      <Filter>ImGUI</Filter>
    </ClCompile>
    <ClCompile Include="ImGUI\imgui_impl_glfw_gl3.cpp">
      <Filter>ImGUI</Filter>
    </ClCompile>
    <ClCompile Include="Main.cpp" />
    <ClCompile Include="Scrambler.cpp" />
    <ClCompile Include="Solver.cpp" />
    <ClCompile Include="Window\Window.cpp">
      <Filter>Window</Filter>
    </ClCompile>
  </ItemGroup>
</Project>